{
  "name": "jsonresume-element",
  "version": "0.0.0",
  "lockfileVersion": 2,
  "requires": true,
  "packages": {
    "": {
      "version": "0.0.0",
      "license": "Apache-2.0",
      "dependencies": {
        "light-dom-element": "^0.0.7",
        "shadow-dom-element": "^0.0.7"
      }
    },
    "node_modules/css-chain": {
      "version": "1.1.7",
      "resolved": "https://registry.npmjs.org/css-chain/-/css-chain-1.1.7.tgz",
      "integrity": "sha512-+WC9bAxzzC/e/dTHMqjUAkWjWMXVCTFRUpuFlozNUI3/hha82cj5vavm1u+f8u7lvGkj20KkoAnyyLyKnRDraw==",
      "funding": {
        "type": "patreon",
        "url": "https://www.patreon.com/sashafirsov"
      }
    },
    "node_modules/light-dom-element": {
      "version": "0.0.7",
      "resolved": "https://registry.npmjs.org/light-dom-element/-/light-dom-element-0.0.7.tgz",
      "integrity": "sha512-IVeHsQTE5R6aEaKX8nIcOGdj2n7cqaW2SvjHsPa0eWIw655zFBXvg6vuBAx+NdbLTnU/enA6AQZexhWwfh7GqA==",
      "dependencies": {
        "css-chain": "^1.1.7",
        "shadow-dom-element": "^0.0.7"
      },
      "funding": {
        "type": "patreon",
        "url": "https://www.patreon.com/sashafirsov"
      }
    },
    "node_modules/shadow-dom-element": {
      "version": "0.0.7",
      "resolved": "https://registry.npmjs.org/shadow-dom-element/-/shadow-dom-element-0.0.7.tgz",
      "integrity": "sha512-DXeigFOKtj9xakMUvHyP/17wE6blAKZXFRorMx7NFsA3WguVihro9rdCLiTrxJ5ZdBrSsPiq3EroxbI51Na10Q==",
      "funding": {
        "type": "patreon",
        "url": "https://www.patreon.com/sashafirsov"
      }
    }
  },
  "dependencies": {
    "css-chain": {
      "version": "1.1.7",
      "resolved": "https://registry.npmjs.org/css-chain/-/css-chain-1.1.7.tgz",
      "integrity": "sha512-+WC9bAxzzC/e/dTHMqjUAkWjWMXVCTFRUpuFlozNUI3/hha82cj5vavm1u+f8u7lvGkj20KkoAnyyLyKnRDraw=="
    },
    "light-dom-element": {
      "version": "0.0.7",
      "resolved": "https://registry.npmjs.org/light-dom-element/-/light-dom-element-0.0.7.tgz",
      "integrity": "sha512-IVeHsQTE5R6aEaKX8nIcOGdj2n7cqaW2SvjHsPa0eWIw655zFBXvg6vuBAx+NdbLTnU/enA6AQZexhWwfh7GqA==",
      "requires": {
        "css-chain": "^1.1.7",
        "shadow-dom-element": "^0.0.7"
      }
    },
    "shadow-dom-element": {
      "version": "0.0.7",
      "resolved": "https://registry.npmjs.org/shadow-dom-element/-/shadow-dom-element-0.0.7.tgz",
      "integrity": "sha512-DXeigFOKtj9xakMUvHyP/17wE6blAKZXFRorMx7NFsA3WguVihro9rdCLiTrxJ5ZdBrSsPiq3EroxbI51Na10Q=="
    }
  }
}
